// !$*UTF8*$!
{
	archiveVersion = 1;
	classes = {
	};
	objectVersion = 51;
	objects = {

/* Begin PBXBuildFile section */
		5C013E4627D5DA8200CC6A00 /* NetworkManager.swift in Sources */ = {isa = PBXBuildFile; fileRef = 5C013E4527D5DA8200CC6A00 /* NetworkManager.swift */; };
		5C26E6C727AFB5190037C511 /* ChatListViewController.swift in Sources */ = {isa = PBXBuildFile; fileRef = 5C26E6C627AFB5190037C511 /* ChatListViewController.swift */; };
		5C26E6CA27AFB58D0037C511 /* MyPageViewController.swift in Sources */ = {isa = PBXBuildFile; fileRef = 5C26E6C927AFB58D0037C511 /* MyPageViewController.swift */; };
		5C57BCD527F190C300A8FC93 /* Items.swift in Sources */ = {isa = PBXBuildFile; fileRef = 5C57BCD427F190C200A8FC93 /* Items.swift */; };
		5C57BCD827F1922800A8FC93 /* Delivery_status.swift in Sources */ = {isa = PBXBuildFile; fileRef = 5C57BCD727F1922800A8FC93 /* Delivery_status.swift */; };
		5C57BCDB27F1928600A8FC93 /* Users.swift in Sources */ = {isa = PBXBuildFile; fileRef = 5C57BCDA27F1928600A8FC93 /* Users.swift */; };
		5C5D737927B0F1FC004FE448 /* MerchandiseListCollectionViewCell.swift in Sources */ = {isa = PBXBuildFile; fileRef = 5C5D737727B0F1FC004FE448 /* MerchandiseListCollectionViewCell.swift */; };
		5C5D737A27B0F1FC004FE448 /* MerchandiseListCollectionViewCell.xib in Resources */ = {isa = PBXBuildFile; fileRef = 5C5D737827B0F1FC004FE448 /* MerchandiseListCollectionViewCell.xib */; };
		5C93E41D27AFB1EB00C8570A /* DetailViewController.swift in Sources */ = {isa = PBXBuildFile; fileRef = 5C93E41C27AFB1EB00C8570A /* DetailViewController.swift */; };
		5C93E42027AFB22B00C8570A /* SearchViewController.swift in Sources */ = {isa = PBXBuildFile; fileRef = 5C93E41F27AFB22B00C8570A /* SearchViewController.swift */; };
		5C93E42327AFB25F00C8570A /* PostViewController.swift in Sources */ = {isa = PBXBuildFile; fileRef = 5C93E42227AFB25F00C8570A /* PostViewController.swift */; };
		5CB6F2E927AFAF67004E5153 /* AppDelegate.swift in Sources */ = {isa = PBXBuildFile; fileRef = 5CB6F2E827AFAF67004E5153 /* AppDelegate.swift */; };
		5CB6F2EB27AFAF67004E5153 /* SceneDelegate.swift in Sources */ = {isa = PBXBuildFile; fileRef = 5CB6F2EA27AFAF67004E5153 /* SceneDelegate.swift */; };
		5CB6F2ED27AFAF67004E5153 /* MainViewController.swift in Sources */ = {isa = PBXBuildFile; fileRef = 5CB6F2EC27AFAF67004E5153 /* MainViewController.swift */; };
		5CB6F2F027AFAF67004E5153 /* Main.storyboard in Resources */ = {isa = PBXBuildFile; fileRef = 5CB6F2EE27AFAF67004E5153 /* Main.storyboard */; };
		5CB6F2F227AFAF72004E5153 /* Assets.xcassets in Resources */ = {isa = PBXBuildFile; fileRef = 5CB6F2F127AFAF72004E5153 /* Assets.xcassets */; };
		5CB6F2F527AFAF72004E5153 /* LaunchScreen.storyboard in Resources */ = {isa = PBXBuildFile; fileRef = 5CB6F2F327AFAF72004E5153 /* LaunchScreen.storyboard */; };
		7976242073534FCEEC728547 /* Pods_DeaL_iN.framework in Frameworks */ = {isa = PBXBuildFile; fileRef = F7403653250630DBA1852C6B /* Pods_DeaL_iN.framework */; };
/* End PBXBuildFile section */

/* Begin PBXFileReference section */
		20982F6685FD7DB3AC316C08 /* Pods-DeaL-iN.debug.xcconfig */ = {isa = PBXFileReference; includeInIndex = 1; lastKnownFileType = text.xcconfig; name = "Pods-DeaL-iN.debug.xcconfig"; path = "Target Support Files/Pods-DeaL-iN/Pods-DeaL-iN.debug.xcconfig"; sourceTree = "<group>"; };
		5C013E4527D5DA8200CC6A00 /* NetworkManager.swift */ = {isa = PBXFileReference; lastKnownFileType = sourcecode.swift; path = NetworkManager.swift; sourceTree = "<group>"; };
		5C26E6C627AFB5190037C511 /* ChatListViewController.swift */ = {isa = PBXFileReference; lastKnownFileType = sourcecode.swift; path = ChatListViewController.swift; sourceTree = "<group>"; };
		5C26E6C927AFB58D0037C511 /* MyPageViewController.swift */ = {isa = PBXFileReference; lastKnownFileType = sourcecode.swift; path = MyPageViewController.swift; sourceTree = "<group>"; };
		5C57BCD427F190C200A8FC93 /* Items.swift */ = {isa = PBXFileReference; lastKnownFileType = sourcecode.swift; path = Items.swift; sourceTree = "<group>"; };
		5C57BCD727F1922800A8FC93 /* Delivery_status.swift */ = {isa = PBXFileReference; lastKnownFileType = sourcecode.swift; path = Delivery_status.swift; sourceTree = "<group>"; };
		5C57BCDA27F1928600A8FC93 /* Users.swift */ = {isa = PBXFileReference; lastKnownFileType = sourcecode.swift; path = Users.swift; sourceTree = "<group>"; };
		5C5D737727B0F1FC004FE448 /* MerchandiseListCollectionViewCell.swift */ = {isa = PBXFileReference; lastKnownFileType = sourcecode.swift; path = MerchandiseListCollectionViewCell.swift; sourceTree = "<group>"; };
		5C5D737827B0F1FC004FE448 /* MerchandiseListCollectionViewCell.xib */ = {isa = PBXFileReference; lastKnownFileType = file.xib; path = MerchandiseListCollectionViewCell.xib; sourceTree = "<group>"; };
		5C93E41C27AFB1EB00C8570A /* DetailViewController.swift */ = {isa = PBXFileReference; lastKnownFileType = sourcecode.swift; path = DetailViewController.swift; sourceTree = "<group>"; };
		5C93E41F27AFB22B00C8570A /* SearchViewController.swift */ = {isa = PBXFileReference; lastKnownFileType = sourcecode.swift; path = SearchViewController.swift; sourceTree = "<group>"; };
		5C93E42227AFB25F00C8570A /* PostViewController.swift */ = {isa = PBXFileReference; lastKnownFileType = sourcecode.swift; path = PostViewController.swift; sourceTree = "<group>"; };
		5CB6F2E527AFAF67004E5153 /* DeaL-iN.app */ = {isa = PBXFileReference; explicitFileType = wrapper.application; includeInIndex = 0; path = "DeaL-iN.app"; sourceTree = BUILT_PRODUCTS_DIR; };
		5CB6F2E827AFAF67004E5153 /* AppDelegate.swift */ = {isa = PBXFileReference; lastKnownFileType = sourcecode.swift; path = AppDelegate.swift; sourceTree = "<group>"; };
		5CB6F2EA27AFAF67004E5153 /* SceneDelegate.swift */ = {isa = PBXFileReference; lastKnownFileType = sourcecode.swift; path = SceneDelegate.swift; sourceTree = "<group>"; };
		5CB6F2EC27AFAF67004E5153 /* MainViewController.swift */ = {isa = PBXFileReference; lastKnownFileType = sourcecode.swift; path = MainViewController.swift; sourceTree = "<group>"; };
		5CB6F2EF27AFAF67004E5153 /* Base */ = {isa = PBXFileReference; lastKnownFileType = file.storyboard; name = Base; path = Base.lproj/Main.storyboard; sourceTree = "<group>"; };
		5CB6F2F127AFAF72004E5153 /* Assets.xcassets */ = {isa = PBXFileReference; lastKnownFileType = folder.assetcatalog; path = Assets.xcassets; sourceTree = "<group>"; };
		5CB6F2F427AFAF72004E5153 /* Base */ = {isa = PBXFileReference; lastKnownFileType = file.storyboard; name = Base; path = Base.lproj/LaunchScreen.storyboard; sourceTree = "<group>"; };
		5CB6F2F627AFAF72004E5153 /* Info.plist */ = {isa = PBXFileReference; lastKnownFileType = text.plist.xml; path = Info.plist; sourceTree = "<group>"; };
		F7403653250630DBA1852C6B /* Pods_DeaL_iN.framework */ = {isa = PBXFileReference; explicitFileType = wrapper.framework; includeInIndex = 0; path = Pods_DeaL_iN.framework; sourceTree = BUILT_PRODUCTS_DIR; };
		F81002F6777CCCB2E6A1FFB9 /* Pods-DeaL-iN.release.xcconfig */ = {isa = PBXFileReference; includeInIndex = 1; lastKnownFileType = text.xcconfig; name = "Pods-DeaL-iN.release.xcconfig"; path = "Target Support Files/Pods-DeaL-iN/Pods-DeaL-iN.release.xcconfig"; sourceTree = "<group>"; };
/* End PBXFileReference section */

/* Begin PBXFrameworksBuildPhase section */
		5CB6F2E227AFAF67004E5153 /* Frameworks */ = {
			isa = PBXFrameworksBuildPhase;
			buildActionMask = 2147483647;
			files = (
				7976242073534FCEEC728547 /* Pods_DeaL_iN.framework in Frameworks */,
			);
			runOnlyForDeploymentPostprocessing = 0;
		};
/* End PBXFrameworksBuildPhase section */

/* Begin PBXGroup section */
		0AC4C0F7427AF49D3F15FCB1 /* Pods */ = {
			isa = PBXGroup;
			children = (
				20982F6685FD7DB3AC316C08 /* Pods-DeaL-iN.debug.xcconfig */,
				F81002F6777CCCB2E6A1FFB9 /* Pods-DeaL-iN.release.xcconfig */,
			);
			path = Pods;
			sourceTree = "<group>";
		};
		5C57BCD327F1906F00A8FC93 /* Model */ = {
			isa = PBXGroup;
			children = (
				5C57BCD427F190C200A8FC93 /* Items.swift */,
				5C57BCD727F1922800A8FC93 /* Delivery_status.swift */,
				5C57BCDA27F1928600A8FC93 /* Users.swift */,
			);
			path = Model;
			sourceTree = "<group>";
		};
		5CB6F2DC27AFAF67004E5153 = {
			isa = PBXGroup;
			children = (
				5CB6F2E727AFAF67004E5153 /* DeaL-iN */,
				5CB6F2E627AFAF67004E5153 /* Products */,
				0AC4C0F7427AF49D3F15FCB1 /* Pods */,
				B7FA9FBD0EB49F373536F8BD /* Frameworks */,
			);
			sourceTree = "<group>";
		};
		5CB6F2E627AFAF67004E5153 /* Products */ = {
			isa = PBXGroup;
			children = (
				5CB6F2E527AFAF67004E5153 /* DeaL-iN.app */,
			);
			name = Products;
			sourceTree = "<group>";
		};
		5CB6F2E727AFAF67004E5153 /* DeaL-iN */ = {
			isa = PBXGroup;
			children = (
				5C57BCD327F1906F00A8FC93 /* Model */,
				5CB6F2E827AFAF67004E5153 /* AppDelegate.swift */,
				5CB6F2EA27AFAF67004E5153 /* SceneDelegate.swift */,
				5CB6F2EC27AFAF67004E5153 /* MainViewController.swift */,
				5CB6F2EE27AFAF67004E5153 /* Main.storyboard */,
				5CB6F2F127AFAF72004E5153 /* Assets.xcassets */,
				5CB6F2F327AFAF72004E5153 /* LaunchScreen.storyboard */,
				5CB6F2F627AFAF72004E5153 /* Info.plist */,
				5C93E41C27AFB1EB00C8570A /* DetailViewController.swift */,
				5C93E41F27AFB22B00C8570A /* SearchViewController.swift */,
				5C93E42227AFB25F00C8570A /* PostViewController.swift */,
				5C26E6C627AFB5190037C511 /* ChatListViewController.swift */,
				5C26E6C927AFB58D0037C511 /* MyPageViewController.swift */,
				5C5D737727B0F1FC004FE448 /* MerchandiseListCollectionViewCell.swift */,
				5C5D737827B0F1FC004FE448 /* MerchandiseListCollectionViewCell.xib */,
				5C013E4527D5DA8200CC6A00 /* NetworkManager.swift */,
			);
			path = "DeaL-iN";
			sourceTree = "<group>";
		};
		B7FA9FBD0EB49F373536F8BD /* Frameworks */ = {
			isa = PBXGroup;
			children = (
				F7403653250630DBA1852C6B /* Pods_DeaL_iN.framework */,
			);
			name = Frameworks;
			sourceTree = "<group>";
		};
/* End PBXGroup section */

/* Begin PBXNativeTarget section */
		5CB6F2E427AFAF67004E5153 /* DeaL-iN */ = {
			isa = PBXNativeTarget;
			buildConfigurationList = 5CB6F2F927AFAF72004E5153 /* Build configuration list for PBXNativeTarget "DeaL-iN" */;
			buildPhases = (
				18C2CB55DBE97EDE7678B169 /* [CP] Check Pods Manifest.lock */,
				5CB6F2E127AFAF67004E5153 /* Sources */,
				5CB6F2E227AFAF67004E5153 /* Frameworks */,
				5CB6F2E327AFAF67004E5153 /* Resources */,
				2E484D99A19645EE3EA47A55 /* [CP] Embed Pods Frameworks */,
			);
			buildRules = (
			);
			dependencies = (
			);
			name = "DeaL-iN";
			productName = "DeaL-iN";
			productReference = 5CB6F2E527AFAF67004E5153 /* DeaL-iN.app */;
			productType = "com.apple.product-type.application";
		};
/* End PBXNativeTarget section */

/* Begin PBXProject section */
		5CB6F2DD27AFAF67004E5153 /* Project object */ = {
			isa = PBXProject;
			attributes = {
				LastSwiftUpdateCheck = 1230;
				LastUpgradeCheck = 1230;
				TargetAttributes = {
					5CB6F2E427AFAF67004E5153 = {
						CreatedOnToolsVersion = 12.3;
					};
				};
			};
			buildConfigurationList = 5CB6F2E027AFAF67004E5153 /* Build configuration list for PBXProject "DeaL-iN" */;
			compatibilityVersion = "Xcode 9.3";
			developmentRegion = en;
			hasScannedForEncodings = 0;
			knownRegions = (
				en,
				Base,
			);
			mainGroup = 5CB6F2DC27AFAF67004E5153;
			productRefGroup = 5CB6F2E627AFAF67004E5153 /* Products */;
			projectDirPath = "";
			projectRoot = "";
			targets = (
				5CB6F2E427AFAF67004E5153 /* DeaL-iN */,
			);
		};
/* End PBXProject section */

/* Begin PBXResourcesBuildPhase section */
		5CB6F2E327AFAF67004E5153 /* Resources */ = {
			isa = PBXResourcesBuildPhase;
			buildActionMask = 2147483647;
			files = (
				5C5D737A27B0F1FC004FE448 /* MerchandiseListCollectionViewCell.xib in Resources */,
				5CB6F2F527AFAF72004E5153 /* LaunchScreen.storyboard in Resources */,
				5CB6F2F227AFAF72004E5153 /* Assets.xcassets in Resources */,
				5CB6F2F027AFAF67004E5153 /* Main.storyboard in Resources */,
			);
			runOnlyForDeploymentPostprocessing = 0;
		};
/* End PBXResourcesBuildPhase section */

/* Begin PBXShellScriptBuildPhase section */
		18C2CB55DBE97EDE7678B169 /* [CP] Check Pods Manifest.lock */ = {
			isa = PBXShellScriptBuildPhase;
			buildActionMask = 2147483647;
			files = (
			);
			inputFileListPaths = (
			);
			inputPaths = (
				"${PODS_PODFILE_DIR_PATH}/Podfile.lock",
				"${PODS_ROOT}/Manifest.lock",
			);
			name = "[CP] Check Pods Manifest.lock";
			outputFileListPaths = (
			);
			outputPaths = (
				"$(DERIVED_FILE_DIR)/Pods-DeaL-iN-checkManifestLockResult.txt",
			);
			runOnlyForDeploymentPostprocessing = 0;
			shellPath = /bin/sh;
			shellScript = "diff \"${PODS_PODFILE_DIR_PATH}/Podfile.lock\" \"${PODS_ROOT}/Manifest.lock\" > /dev/null\nif [ $? != 0 ] ; then\n    # print error to STDERR\n    echo \"error: The sandbox is not in sync with the Podfile.lock. Run 'pod install' or update your CocoaPods installation.\" >&2\n    exit 1\nfi\n# This output is used by Xcode 'outputs' to avoid re-running this script phase.\necho \"SUCCESS\" > \"${SCRIPT_OUTPUT_FILE_0}\"\n";
			showEnvVarsInLog = 0;
		};
		2E484D99A19645EE3EA47A55 /* [CP] Embed Pods Frameworks */ = {
			isa = PBXShellScriptBuildPhase;
			buildActionMask = 2147483647;
			files = (
			);
			inputFileListPaths = (
				"${PODS_ROOT}/Target Support Files/Pods-DeaL-iN/Pods-DeaL-iN-frameworks-${CONFIGURATION}-input-files.xcfilelist",
			);
			name = "[CP] Embed Pods Frameworks";
			outputFileListPaths = (
				"${PODS_ROOT}/Target Support Files/Pods-DeaL-iN/Pods-DeaL-iN-frameworks-${CONFIGURATION}-output-files.xcfilelist",
			);
			runOnlyForDeploymentPostprocessing = 0;
			shellPath = /bin/sh;
			shellScript = "\"${PODS_ROOT}/Target Support Files/Pods-DeaL-iN/Pods-DeaL-iN-frameworks.sh\"\n";
			showEnvVarsInLog = 0;
		};
/* End PBXShellScriptBuildPhase section */

/* Begin PBXSourcesBuildPhase section */
		5CB6F2E127AFAF67004E5153 /* Sources */ = {
			isa = PBXSourcesBuildPhase;
			buildActionMask = 2147483647;
			files = (
				5C93E42327AFB25F00C8570A /* PostViewController.swift in Sources */,
				5C93E42027AFB22B00C8570A /* SearchViewController.swift in Sources */,
				5C013E4627D5DA8200CC6A00 /* NetworkManager.swift in Sources */,
				5CB6F2ED27AFAF67004E5153 /* MainViewController.swift in Sources */,
				5CB6F2E927AFAF67004E5153 /* AppDelegate.swift in Sources */,
				5C57BCD527F190C300A8FC93 /* Items.swift in Sources */,
				5C5D737927B0F1FC004FE448 /* MerchandiseListCollectionViewCell.swift in Sources */,
				5C57BCD827F1922800A8FC93 /* Delivery_status.swift in Sources */,
				5C26E6C727AFB5190037C511 /* ChatListViewController.swift in Sources */,
				5C57BCDB27F1928600A8FC93 /* Users.swift in Sources */,
				5CB6F2EB27AFAF67004E5153 /* SceneDelegate.swift in Sources */,
				5C93E41D27AFB1EB00C8570A /* DetailViewController.swift in Sources */,
				5C26E6CA27AFB58D0037C511 /* MyPageViewController.swift in Sources */,
			);
			runOnlyForDeploymentPostprocessing = 0;
		};
/* End PBXSourcesBuildPhase section */

/* Begin PBXVariantGroup section */
		5CB6F2EE27AFAF67004E5153 /* Main.storyboard */ = {
			isa = PBXVariantGroup;
			children = (
				5CB6F2EF27AFAF67004E5153 /* Base */,
			);
			name = Main.storyboard;
			sourceTree = "<group>";
		};
		5CB6F2F327AFAF72004E5153 /* LaunchScreen.storyboard */ = {
			isa = PBXVariantGroup;
			children = (
				5CB6F2F427AFAF72004E5153 /* Base */,
			);
			name = LaunchScreen.storyboard;
			sourceTree = "<group>";
		};
/* End PBXVariantGroup section */

/* Begin XCBuildConfiguration section */
		5CB6F2F727AFAF72004E5153 /* Debug */ = {
			isa = XCBuildConfiguration;
			buildSettings = {
				ALWAYS_SEARCH_USER_PATHS = NO;
				CLANG_ANALYZER_NONNULL = YES;
				CLANG_ANALYZER_NUMBER_OBJECT_CONVERSION = YES_AGGRESSIVE;
				CLANG_CXX_LANGUAGE_STANDARD = "gnu++14";
				CLANG_CXX_LIBRARY = "libc++";
				CLANG_ENABLE_MODULES = YES;
				CLANG_ENABLE_OBJC_ARC = YES;
				CLANG_ENABLE_OBJC_WEAK = YES;
				CLANG_WARN_BLOCK_CAPTURE_AUTORELEASING = YES;
				CLANG_WARN_BOOL_CONVERSION = YES;
				CLANG_WARN_COMMA = YES;
				CLANG_WARN_CONSTANT_CONVERSION = YES;
				CLANG_WARN_DEPRECATED_OBJC_IMPLEMENTATIONS = YES;
				CLANG_WARN_DIRECT_OBJC_ISA_USAGE = YES_ERROR;
				CLANG_WARN_DOCUMENTATION_COMMENTS = YES;
				CLANG_WARN_EMPTY_BODY = YES;
				CLANG_WARN_ENUM_CONVERSION = YES;
				CLANG_WARN_INFINITE_RECURSION = YES;
				CLANG_WARN_INT_CONVERSION = YES;
				CLANG_WARN_NON_LITERAL_NULL_CONVERSION = YES;
				CLANG_WARN_OBJC_IMPLICIT_RETAIN_SELF = YES;
				CLANG_WARN_OBJC_LITERAL_CONVERSION = YES;
				CLANG_WARN_OBJC_ROOT_CLASS = YES_ERROR;
				CLANG_WARN_QUOTED_INCLUDE_IN_FRAMEWORK_HEADER = YES;
				CLANG_WARN_RANGE_LOOP_ANALYSIS = YES;
				CLANG_WARN_STRICT_PROTOTYPES = YES;
				CLANG_WARN_SUSPICIOUS_MOVE = YES;
				CLANG_WARN_UNGUARDED_AVAILABILITY = YES_AGGRESSIVE;
				CLANG_WARN_UNREACHABLE_CODE = YES;
				CLANG_WARN__DUPLICATE_METHOD_MATCH = YES;
				COPY_PHASE_STRIP = NO;
				DEBUG_INFORMATION_FORMAT = dwarf;
				ENABLE_STRICT_OBJC_MSGSEND = YES;
				ENABLE_TESTABILITY = YES;
				GCC_C_LANGUAGE_STANDARD = gnu11;
				GCC_DYNAMIC_NO_PIC = NO;
				GCC_NO_COMMON_BLOCKS = YES;
				GCC_OPTIMIZATION_LEVEL = 0;
				GCC_PREPROCESSOR_DEFINITIONS = (
					"DEBUG=1",
					"$(inherited)",
				);
				GCC_WARN_64_TO_32_BIT_CONVERSION = YES;
				GCC_WARN_ABOUT_RETURN_TYPE = YES_ERROR;
				GCC_WARN_UNDECLARED_SELECTOR = YES;
				GCC_WARN_UNINITIALIZED_AUTOS = YES_AGGRESSIVE;
				GCC_WARN_UNUSED_FUNCTION = YES;
				GCC_WARN_UNUSED_VARIABLE = YES;
				IPHONEOS_DEPLOYMENT_TARGET = 14.3;
				MTL_ENABLE_DEBUG_INFO = INCLUDE_SOURCE;
				MTL_FAST_MATH = YES;
				ONLY_ACTIVE_ARCH = YES;
				SDKROOT = iphoneos;
				SWIFT_ACTIVE_COMPILATION_CONDITIONS = DEBUG;
				SWIFT_OPTIMIZATION_LEVEL = "-Onone";
			};
			name = Debug;
		};
		5CB6F2F827AFAF72004E5153 /* Release */ = {
			isa = XCBuildConfiguration;
			buildSettings = {
				ALWAYS_SEARCH_USER_PATHS = NO;
				CLANG_ANALYZER_NONNULL = YES;
				CLANG_ANALYZER_NUMBER_OBJECT_CONVERSION = YES_AGGRESSIVE;
				CLANG_CXX_LANGUAGE_STANDARD = "gnu++14";
				CLANG_CXX_LIBRARY = "libc++";
				CLANG_ENABLE_MODULES = YES;
				CLANG_ENABLE_OBJC_ARC = YES;
				CLANG_ENABLE_OBJC_WEAK = YES;
				CLANG_WARN_BLOCK_CAPTURE_AUTORELEASING = YES;
				CLANG_WARN_BOOL_CONVERSION = YES;
				CLANG_WARN_COMMA = YES;
				CLANG_WARN_CONSTANT_CONVERSION = YES;
				CLANG_WARN_DEPRECATED_OBJC_IMPLEMENTATIONS = YES;
				CLANG_WARN_DIRECT_OBJC_ISA_USAGE = YES_ERROR;
				CLANG_WARN_DOCUMENTATION_COMMENTS = YES;
				CLANG_WARN_EMPTY_BODY = YES;
				CLANG_WARN_ENUM_CONVERSION = YES;
				CLANG_WARN_INFINITE_RECURSION = YES;
				CLANG_WARN_INT_CONVERSION = YES;
				CLANG_WARN_NON_LITERAL_NULL_CONVERSION = YES;
				CLANG_WARN_OBJC_IMPLICIT_RETAIN_SELF = YES;
				CLANG_WARN_OBJC_LITERAL_CONVERSION = YES;
				CLANG_WARN_OBJC_ROOT_CLASS = YES_ERROR;
				CLANG_WARN_QUOTED_INCLUDE_IN_FRAMEWORK_HEADER = YES;
				CLANG_WARN_RANGE_LOOP_ANALYSIS = YES;
				CLANG_WARN_STRICT_PROTOTYPES = YES;
				CLANG_WARN_SUSPICIOUS_MOVE = YES;
				CLANG_WARN_UNGUARDED_AVAILABILITY = YES_AGGRESSIVE;
				CLANG_WARN_UNREACHABLE_CODE = YES;
				CLANG_WARN__DUPLICATE_METHOD_MATCH = YES;
				COPY_PHASE_STRIP = NO;
				DEBUG_INFORMATION_FORMAT = "dwarf-with-dsym";
				ENABLE_NS_ASSERTIONS = NO;
				ENABLE_STRICT_OBJC_MSGSEND = YES;
				GCC_C_LANGUAGE_STANDARD = gnu11;
				GCC_NO_COMMON_BLOCKS = YES;
				GCC_WARN_64_TO_32_BIT_CONVERSION = YES;
				GCC_WARN_ABOUT_RETURN_TYPE = YES_ERROR;
				GCC_WARN_UNDECLARED_SELECTOR = YES;
				GCC_WARN_UNINITIALIZED_AUTOS = YES_AGGRESSIVE;
				GCC_WARN_UNUSED_FUNCTION = YES;
				GCC_WARN_UNUSED_VARIABLE = YES;
				IPHONEOS_DEPLOYMENT_TARGET = 14.3;
				MTL_ENABLE_DEBUG_INFO = NO;
				MTL_FAST_MATH = YES;
				SDKROOT = iphoneos;
				SWIFT_COMPILATION_MODE = wholemodule;
				SWIFT_OPTIMIZATION_LEVEL = "-O";
				VALIDATE_PRODUCT = YES;
			};
			name = Release;
		};
		5CB6F2FA27AFAF72004E5153 /* Debug */ = {
			isa = XCBuildConfiguration;
			baseConfigurationReference = 20982F6685FD7DB3AC316C08 /* Pods-DeaL-iN.debug.xcconfig */;
			buildSettings = {
				ASSETCATALOG_COMPILER_APPICON_NAME = AppIcon;
				ASSETCATALOG_COMPILER_GLOBAL_ACCENT_COLOR_NAME = AccentColor;
				CODE_SIGN_STYLE = Automatic;
				DEVELOPMENT_TEAM = PY5YLKKX7V;
				INFOPLIST_FILE = "DeaL-iN/Info.plist";
				LD_RUNPATH_SEARCH_PATHS = (
					"$(inherited)",
					"@executable_path/Frameworks",
				);
				PRODUCT_BUNDLE_IDENTIFIER = "net.songju.DeaL-iN";
				PRODUCT_NAME = "$(TARGET_NAME)";
				SWIFT_VERSION = 5.0;
				TARGETED_DEVICE_FAMILY = "1,2";
			};
			name = Debug;
		};
		5CB6F2FB27AFAF72004E5153 /* Release */ = {
			isa = XCBuildConfiguration;
			baseConfigurationReference = F81002F6777CCCB2E6A1FFB9 /* Pods-DeaL-iN.release.xcconfig */;
			buildSettings = {
				ASSETCATALOG_COMPILER_APPICON_NAME = AppIcon;
				ASSETCATALOG_COMPILER_GLOBAL_ACCENT_COLOR_NAME = AccentColor;
				CODE_SIGN_STYLE = Automatic;
				DEVELOPMENT_TEAM = PY5YLKKX7V;
				INFOPLIST_FILE = "DeaL-iN/Info.plist";
				LD_RUNPATH_SEARCH_PATHS = (
					"$(inherited)",
					"@executable_path/Frameworks",
				);
				PRODUCT_BUNDLE_IDENTIFIER = "net.songju.DeaL-iN";
				PRODUCT_NAME = "$(TARGET_NAME)";
				SWIFT_VERSION = 5.0;
				TARGETED_DEVICE_FAMILY = "1,2";
			};
			name = Release;
		};
/* End XCBuildConfiguration section */

/* Begin XCConfigurationList section */
		5CB6F2E027AFAF67004E5153 /* Build configuration list for PBXProject "DeaL-iN" */ = {
			isa = XCConfigurationList;
			buildConfigurations = (
				5CB6F2F727AFAF72004E5153 /* Debug */,
				5CB6F2F827AFAF72004E5153 /* Release */,
			);
			defaultConfigurationIsVisible = 0;
			defaultConfigurationName = Release;
		};
		5CB6F2F927AFAF72004E5153 /* Build configuration list for PBXNativeTarget "DeaL-iN" */ = {
			isa = XCConfigurationList;
			buildConfigurations = (
				5CB6F2FA27AFAF72004E5153 /* Debug */,
				5CB6F2FB27AFAF72004E5153 /* Release */,
			);
			defaultConfigurationIsVisible = 0;
			defaultConfigurationName = Release;
		};
/* End XCConfigurationList section */
	};
	rootObject = 5CB6F2DD27AFAF67004E5153 /* Project object */;
}
